{
    "_readme": [
        "This file locks the dependencies of your project to a known state",
        "Read more about it at https://getcomposer.org/doc/01-basic-usage.md#installing-dependencies",
        "This file is @generated automatically"
    ],
    "content-hash": "ffe2f67b8f62c60207cd65fca6795ec8",
    "packages": [],
    "packages-dev": [
        {
            "name": "ideasonpurpose/wp-test-stubs",
            "version": "dev-main",
            "source": {
                "type": "git",
                "url": "https://github.com/ideasonpurpose/wp-test-stubs.git",
                "reference": "26a2b5846cafb8474861c69a2637b0af2d774583"
            },
            "dist": {
                "type": "zip",
                "url": "https://api.github.com/repos/ideasonpurpose/wp-test-stubs/zipball/26a2b5846cafb8474861c69a2637b0af2d774583",
                "reference": "26a2b5846cafb8474861c69a2637b0af2d774583",
                "shasum": ""
            },
            "require": {
                "php": ">=8.0.0"
            },
            "default-branch": true,
            "type": "library",
            "autoload": {
                "psr-4": {
                    "IdeasOnPurpose\\WP\\Test\\": "src/"
                }
            },
            "notification-url": "https://packagist.org/downloads/",
            "license": [
                "MIT"
            ],
            "authors": [
                {
                    "name": "Ideas On Purpose"
                },
                {
                    "name": "Joe Maller",
                    "email": "joe@ideasonpurpose.com"
                }
            ],
            "description": "A simple collection of stubs and doubles for testing WordPress code.",
            "support": {
                "issues": "https://github.com/ideasonpurpose/wp-test-stubs/issues",
                "source": "https://github.com/ideasonpurpose/wp-test-stubs/tree/main"
            },
            "time": "2022-05-14T02:39:34+00:00"
        }
    ],
    "aliases": [],
    "minimum-stability": "dev",
    "stability-flags": {
        "ideasonpurpose/wp-test-stubs": 20
    },
    "prefer-stable": false,
    "prefer-lowest": false,
    "platform": [],
    "platform-dev": [],
    "plugin-api-version": "2.1.0"
}
